// !$*UTF8*$!
{
	archiveVersion = 1;
	classes = {
	};
	objectVersion = 56;
	objects = {

/* Begin PBXBuildFile section */
		03C605382C981716003EFF5F /* OnBoardingViewController.swift in Sources */ = {isa = PBXBuildFile; fileRef = 03C605372C981716003EFF5F /* OnBoardingViewController.swift */; };
		03C6A1262C9AA5C600CDCEB2 /* HomeViewController.swift in Sources */ = {isa = PBXBuildFile; fileRef = 03C6A1252C9AA5C600CDCEB2 /* HomeViewController.swift */; };
		03CF26002C883A3E0012CD8A /* AppDelegate.swift in Sources */ = {isa = PBXBuildFile; fileRef = 03CF25FF2C883A3E0012CD8A /* AppDelegate.swift */; };
		03CF26022C883A3E0012CD8A /* SceneDelegate.swift in Sources */ = {isa = PBXBuildFile; fileRef = 03CF26012C883A3E0012CD8A /* SceneDelegate.swift */; };
		03CF26042C883A3E0012CD8A /* LoginViewController.swift in Sources */ = {isa = PBXBuildFile; fileRef = 03CF26032C883A3E0012CD8A /* LoginViewController.swift */; };
		03CF26092C883A3F0012CD8A /* Assets.xcassets in Resources */ = {isa = PBXBuildFile; fileRef = 03CF26082C883A3F0012CD8A /* Assets.xcassets */; };
		03CF260C2C883A3F0012CD8A /* LaunchScreen.storyboard in Resources */ = {isa = PBXBuildFile; fileRef = 03CF260A2C883A3F0012CD8A /* LaunchScreen.storyboard */; };
		03CF26392C8874580012CD8A /* BKTitleLabel.swift in Sources */ = {isa = PBXBuildFile; fileRef = 03CF26382C8874580012CD8A /* BKTitleLabel.swift */; };
		03CF263B2C88810B0012CD8A /* BKBodyLabel.swift in Sources */ = {isa = PBXBuildFile; fileRef = 03CF263A2C88810B0012CD8A /* BKBodyLabel.swift */; };
		03CF263D2C89760A0012CD8A /* BKTextField.swift in Sources */ = {isa = PBXBuildFile; fileRef = 03CF263C2C89760A0012CD8A /* BKTextField.swift */; };
		03CF263F2C8979D80012CD8A /* BKLoginCredentialsView.swift in Sources */ = {isa = PBXBuildFile; fileRef = 03CF263E2C8979D80012CD8A /* BKLoginCredentialsView.swift */; };
		03CF26412C8988DD0012CD8A /* BKButtonView.swift in Sources */ = {isa = PBXBuildFile; fileRef = 03CF26402C8988DD0012CD8A /* BKButtonView.swift */; };
		03FF52D82C94492200AEA4FB /* OnBoardingContainerViewController.swift in Sources */ = {isa = PBXBuildFile; fileRef = 03FF52D72C94492200AEA4FB /* OnBoardingContainerViewController.swift */; };
/* End PBXBuildFile section */

/* Begin PBXFileReference section */
		03C605372C981716003EFF5F /* OnBoardingViewController.swift */ = {isa = PBXFileReference; lastKnownFileType = sourcecode.swift; path = OnBoardingViewController.swift; sourceTree = "<group>"; };
		03C6A1252C9AA5C600CDCEB2 /* HomeViewController.swift */ = {isa = PBXFileReference; lastKnownFileType = sourcecode.swift; path = HomeViewController.swift; sourceTree = "<group>"; };
		03CF25FC2C883A3E0012CD8A /* Bankey.app */ = {isa = PBXFileReference; explicitFileType = wrapper.application; includeInIndex = 0; path = Bankey.app; sourceTree = BUILT_PRODUCTS_DIR; };
		03CF25FF2C883A3E0012CD8A /* AppDelegate.swift */ = {isa = PBXFileReference; lastKnownFileType = sourcecode.swift; path = AppDelegate.swift; sourceTree = "<group>"; };
		03CF26012C883A3E0012CD8A /* SceneDelegate.swift */ = {isa = PBXFileReference; lastKnownFileType = sourcecode.swift; path = SceneDelegate.swift; sourceTree = "<group>"; };
		03CF26032C883A3E0012CD8A /* LoginViewController.swift */ = {isa = PBXFileReference; lastKnownFileType = sourcecode.swift; path = LoginViewController.swift; sourceTree = "<group>"; };
		03CF26082C883A3F0012CD8A /* Assets.xcassets */ = {isa = PBXFileReference; lastKnownFileType = folder.assetcatalog; path = Assets.xcassets; sourceTree = "<group>"; };
		03CF260B2C883A3F0012CD8A /* Base */ = {isa = PBXFileReference; lastKnownFileType = file.storyboard; name = Base; path = Base.lproj/LaunchScreen.storyboard; sourceTree = "<group>"; };
		03CF260D2C883A3F0012CD8A /* Info.plist */ = {isa = PBXFileReference; lastKnownFileType = text.plist.xml; path = Info.plist; sourceTree = "<group>"; };
		03CF26382C8874580012CD8A /* BKTitleLabel.swift */ = {isa = PBXFileReference; lastKnownFileType = sourcecode.swift; path = BKTitleLabel.swift; sourceTree = "<group>"; };
		03CF263A2C88810B0012CD8A /* BKBodyLabel.swift */ = {isa = PBXFileReference; lastKnownFileType = sourcecode.swift; path = BKBodyLabel.swift; sourceTree = "<group>"; };
		03CF263C2C89760A0012CD8A /* BKTextField.swift */ = {isa = PBXFileReference; lastKnownFileType = sourcecode.swift; path = BKTextField.swift; sourceTree = "<group>"; };
		03CF263E2C8979D80012CD8A /* BKLoginCredentialsView.swift */ = {isa = PBXFileReference; lastKnownFileType = sourcecode.swift; path = BKLoginCredentialsView.swift; sourceTree = "<group>"; };
		03CF26402C8988DD0012CD8A /* BKButtonView.swift */ = {isa = PBXFileReference; lastKnownFileType = sourcecode.swift; path = BKButtonView.swift; sourceTree = "<group>"; };
		03FF52D72C94492200AEA4FB /* OnBoardingContainerViewController.swift */ = {isa = PBXFileReference; lastKnownFileType = sourcecode.swift; path = OnBoardingContainerViewController.swift; sourceTree = "<group>"; };
/* End PBXFileReference section */

/* Begin PBXFrameworksBuildPhase section */
		03CF25F92C883A3E0012CD8A /* Frameworks */ = {
			isa = PBXFrameworksBuildPhase;
			buildActionMask = 2147483647;
			files = (
			);
			runOnlyForDeploymentPostprocessing = 0;
		};
/* End PBXFrameworksBuildPhase section */

/* Begin PBXGroup section */
		0398D5BC2C92B5D000EE24C6 /* OnBoarding */ = {
			isa = PBXGroup;
			children = (
				03FF52D72C94492200AEA4FB /* OnBoardingContainerViewController.swift */,
				03C605372C981716003EFF5F /* OnBoardingViewController.swift */,
			);
			path = OnBoarding;
			sourceTree = "<group>";
		};
		0398D5BD2C92B5DD00EE24C6 /* Login */ = {
			isa = PBXGroup;
			children = (
				03CF26032C883A3E0012CD8A /* LoginViewController.swift */,
			);
			path = Login;
			sourceTree = "<group>";
		};
		03C6A1242C9AA5AF00CDCEB2 /* Home */ = {
			isa = PBXGroup;
			children = (
				03C6A1252C9AA5C600CDCEB2 /* HomeViewController.swift */,
			);
			path = Home;
			sourceTree = "<group>";
		};
		03CF25F32C883A3D0012CD8A = {
			isa = PBXGroup;
			children = (
				03CF25FE2C883A3E0012CD8A /* Bankey */,
				03CF25FD2C883A3E0012CD8A /* Products */,
			);
			sourceTree = "<group>";
		};
		03CF25FD2C883A3E0012CD8A /* Products */ = {
			isa = PBXGroup;
			children = (
				03CF25FC2C883A3E0012CD8A /* Bankey.app */,
			);
			name = Products;
			sourceTree = "<group>";
		};
		03CF25FE2C883A3E0012CD8A /* Bankey */ = {
			isa = PBXGroup;
			children = (
				03C6A1242C9AA5AF00CDCEB2 /* Home */,
				0398D5BD2C92B5DD00EE24C6 /* Login */,
				0398D5BC2C92B5D000EE24C6 /* OnBoarding */,
				03CF26352C8874140012CD8A /* Views */,
				03CF26342C886C300012CD8A /* Support */,
				03CF26082C883A3F0012CD8A /* Assets.xcassets */,
				03CF260A2C883A3F0012CD8A /* LaunchScreen.storyboard */,
				03CF260D2C883A3F0012CD8A /* Info.plist */,
			);
			path = Bankey;
			sourceTree = "<group>";
		};
		03CF26342C886C300012CD8A /* Support */ = {
			isa = PBXGroup;
			children = (
				03CF25FF2C883A3E0012CD8A /* AppDelegate.swift */,
				03CF26012C883A3E0012CD8A /* SceneDelegate.swift */,
			);
			path = Support;
			sourceTree = "<group>";
		};
		03CF26352C8874140012CD8A /* Views */ = {
			isa = PBXGroup;
			children = (
				03CF26382C8874580012CD8A /* BKTitleLabel.swift */,
				03CF263A2C88810B0012CD8A /* BKBodyLabel.swift */,
				03CF263C2C89760A0012CD8A /* BKTextField.swift */,
				03CF263E2C8979D80012CD8A /* BKLoginCredentialsView.swift */,
				03CF26402C8988DD0012CD8A /* BKButtonView.swift */,
			);
			path = Views;
			sourceTree = "<group>";
		};
/* End PBXGroup section */

/* Begin PBXNativeTarget section */
		03CF25FB2C883A3E0012CD8A /* Bankey */ = {
			isa = PBXNativeTarget;
			buildConfigurationList = 03CF26102C883A3F0012CD8A /* Build configuration list for PBXNativeTarget "Bankey" */;
			buildPhases = (
				03CF25F82C883A3E0012CD8A /* Sources */,
				03CF25F92C883A3E0012CD8A /* Frameworks */,
				03CF25FA2C883A3E0012CD8A /* Resources */,
			);
			buildRules = (
			);
			dependencies = (
			);
			name = Bankey;
			productName = Bankey;
			productReference = 03CF25FC2C883A3E0012CD8A /* Bankey.app */;
			productType = "com.apple.product-type.application";
		};
/* End PBXNativeTarget section */

/* Begin PBXProject section */
		03CF25F42C883A3D0012CD8A /* Project object */ = {
			isa = PBXProject;
			attributes = {
				BuildIndependentTargetsInParallel = 1;
				LastSwiftUpdateCheck = 1520;
				LastUpgradeCheck = 1520;
				TargetAttributes = {
					03CF25FB2C883A3E0012CD8A = {
						CreatedOnToolsVersion = 15.2;
					};
				};
			};
			buildConfigurationList = 03CF25F72C883A3D0012CD8A /* Build configuration list for PBXProject "Bankey" */;
			compatibilityVersion = "Xcode 14.0";
			developmentRegion = en;
			hasScannedForEncodings = 0;
			knownRegions = (
				en,
				Base,
			);
			mainGroup = 03CF25F32C883A3D0012CD8A;
			productRefGroup = 03CF25FD2C883A3E0012CD8A /* Products */;
			projectDirPath = "";
			projectRoot = "";
			targets = (
				03CF25FB2C883A3E0012CD8A /* Bankey */,
			);
		};
/* End PBXProject section */

/* Begin PBXResourcesBuildPhase section */
		03CF25FA2C883A3E0012CD8A /* Resources */ = {
			isa = PBXResourcesBuildPhase;
			buildActionMask = 2147483647;
			files = (
				03CF260C2C883A3F0012CD8A /* LaunchScreen.storyboard in Resources */,
				03CF26092C883A3F0012CD8A /* Assets.xcassets in Resources */,
			);
			runOnlyForDeploymentPostprocessing = 0;
		};
/* End PBXResourcesBuildPhase section */

/* Begin PBXSourcesBuildPhase section */
		03CF25F82C883A3E0012CD8A /* Sources */ = {
			isa = PBXSourcesBuildPhase;
			buildActionMask = 2147483647;
			files = (
				03CF263D2C89760A0012CD8A /* BKTextField.swift in Sources */,
				03CF26412C8988DD0012CD8A /* BKButtonView.swift in Sources */,
				03CF263F2C8979D80012CD8A /* BKLoginCredentialsView.swift in Sources */,
				03CF26392C8874580012CD8A /* BKTitleLabel.swift in Sources */,
				03C605382C981716003EFF5F /* OnBoardingViewController.swift in Sources */,
				03CF26042C883A3E0012CD8A /* LoginViewController.swift in Sources */,
				03CF263B2C88810B0012CD8A /* BKBodyLabel.swift in Sources */,
				03C6A1262C9AA5C600CDCEB2 /* HomeViewController.swift in Sources */,
				03FF52D82C94492200AEA4FB /* OnBoardingContainerViewController.swift in Sources */,
				03CF26002C883A3E0012CD8A /* AppDelegate.swift in Sources */,
				03CF26022C883A3E0012CD8A /* SceneDelegate.swift in Sources */,
			);
			runOnlyForDeploymentPostprocessing = 0;
		};
/* End PBXSourcesBuildPhase section */

/* Begin PBXVariantGroup section */
		03CF260A2C883A3F0012CD8A /* LaunchScreen.storyboard */ = {
			isa = PBXVariantGroup;
			children = (
				03CF260B2C883A3F0012CD8A /* Base */,
			);
			name = LaunchScreen.storyboard;
			sourceTree = "<group>";
		};
/* End PBXVariantGroup section */

/* Begin XCBuildConfiguration section */
		03CF260E2C883A3F0012CD8A /* Debug */ = {
			isa = XCBuildConfiguration;
			buildSettings = {
				ALWAYS_SEARCH_USER_PATHS = NO;
				ASSETCATALOG_COMPILER_GENERATE_SWIFT_ASSET_SYMBOL_EXTENSIONS = YES;
				CLANG_ANALYZER_NONNULL = YES;
				CLANG_ANALYZER_NUMBER_OBJECT_CONVERSION = YES_AGGRESSIVE;
				CLANG_CXX_LANGUAGE_STANDARD = "gnu++20";
				CLANG_ENABLE_MODULES = YES;
				CLANG_ENABLE_OBJC_ARC = YES;
				CLANG_ENABLE_OBJC_WEAK = YES;
				CLANG_WARN_BLOCK_CAPTURE_AUTORELEASING = YES;
				CLANG_WARN_BOOL_CONVERSION = YES;
				CLANG_WARN_COMMA = YES;
				CLANG_WARN_CONSTANT_CONVERSION = YES;
				CLANG_WARN_DEPRECATED_OBJC_IMPLEMENTATIONS = YES;
				CLANG_WARN_DIRECT_OBJC_ISA_USAGE = YES_ERROR;
				CLANG_WARN_DOCUMENTATION_COMMENTS = YES;
				CLANG_WARN_EMPTY_BODY = YES;
				CLANG_WARN_ENUM_CONVERSION = YES;
				CLANG_WARN_INFINITE_RECURSION = YES;
				CLANG_WARN_INT_CONVERSION = YES;
				CLANG_WARN_NON_LITERAL_NULL_CONVERSION = YES;
				CLANG_WARN_OBJC_IMPLICIT_RETAIN_SELF = YES;
				CLANG_WARN_OBJC_LITERAL_CONVERSION = YES;
				CLANG_WARN_OBJC_ROOT_CLASS = YES_ERROR;
				CLANG_WARN_QUOTED_INCLUDE_IN_FRAMEWORK_HEADER = YES;
				CLANG_WARN_RANGE_LOOP_ANALYSIS = YES;
				CLANG_WARN_STRICT_PROTOTYPES = YES;
				CLANG_WARN_SUSPICIOUS_MOVE = YES;
				CLANG_WARN_UNGUARDED_AVAILABILITY = YES_AGGRESSIVE;
				CLANG_WARN_UNREACHABLE_CODE = YES;
				CLANG_WARN__DUPLICATE_METHOD_MATCH = YES;
				COPY_PHASE_STRIP = NO;
				DEBUG_INFORMATION_FORMAT = dwarf;
				ENABLE_STRICT_OBJC_MSGSEND = YES;
				ENABLE_TESTABILITY = YES;
				ENABLE_USER_SCRIPT_SANDBOXING = YES;
				GCC_C_LANGUAGE_STANDARD = gnu17;
				GCC_DYNAMIC_NO_PIC = NO;
				GCC_NO_COMMON_BLOCKS = YES;
				GCC_OPTIMIZATION_LEVEL = 0;
				GCC_PREPROCESSOR_DEFINITIONS = (
					"DEBUG=1",
					"$(inherited)",
				);
				GCC_WARN_64_TO_32_BIT_CONVERSION = YES;
				GCC_WARN_ABOUT_RETURN_TYPE = YES_ERROR;
				GCC_WARN_UNDECLARED_SELECTOR = YES;
				GCC_WARN_UNINITIALIZED_AUTOS = YES_AGGRESSIVE;
				GCC_WARN_UNUSED_FUNCTION = YES;
				GCC_WARN_UNUSED_VARIABLE = YES;
				IPHONEOS_DEPLOYMENT_TARGET = 17.2;
				LOCALIZATION_PREFERS_STRING_CATALOGS = YES;
				MTL_ENABLE_DEBUG_INFO = INCLUDE_SOURCE;
				MTL_FAST_MATH = YES;
				ONLY_ACTIVE_ARCH = YES;
				SDKROOT = iphoneos;
				SWIFT_ACTIVE_COMPILATION_CONDITIONS = "DEBUG $(inherited)";
				SWIFT_OPTIMIZATION_LEVEL = "-Onone";
			};
			name = Debug;
		};
		03CF260F2C883A3F0012CD8A /* Release */ = {
			isa = XCBuildConfiguration;
			buildSettings = {
				ALWAYS_SEARCH_USER_PATHS = NO;
				ASSETCATALOG_COMPILER_GENERATE_SWIFT_ASSET_SYMBOL_EXTENSIONS = YES;
				CLANG_ANALYZER_NONNULL = YES;
				CLANG_ANALYZER_NUMBER_OBJECT_CONVERSION = YES_AGGRESSIVE;
				CLANG_CXX_LANGUAGE_STANDARD = "gnu++20";
				CLANG_ENABLE_MODULES = YES;
				CLANG_ENABLE_OBJC_ARC = YES;
				CLANG_ENABLE_OBJC_WEAK = YES;
				CLANG_WARN_BLOCK_CAPTURE_AUTORELEASING = YES;
				CLANG_WARN_BOOL_CONVERSION = YES;
				CLANG_WARN_COMMA = YES;
				CLANG_WARN_CONSTANT_CONVERSION = YES;
				CLANG_WARN_DEPRECATED_OBJC_IMPLEMENTATIONS = YES;
				CLANG_WARN_DIRECT_OBJC_ISA_USAGE = YES_ERROR;
				CLANG_WARN_DOCUMENTATION_COMMENTS = YES;
				CLANG_WARN_EMPTY_BODY = YES;
				CLANG_WARN_ENUM_CONVERSION = YES;
				CLANG_WARN_INFINITE_RECURSION = YES;
				CLANG_WARN_INT_CONVERSION = YES;
				CLANG_WARN_NON_LITERAL_NULL_CONVERSION = YES;
				CLANG_WARN_OBJC_IMPLICIT_RETAIN_SELF = YES;
				CLANG_WARN_OBJC_LITERAL_CONVERSION = YES;
				CLANG_WARN_OBJC_ROOT_CLASS = YES_ERROR;
				CLANG_WARN_QUOTED_INCLUDE_IN_FRAMEWORK_HEADER = YES;
				CLANG_WARN_RANGE_LOOP_ANALYSIS = YES;
				CLANG_WARN_STRICT_PROTOTYPES = YES;
				CLANG_WARN_SUSPICIOUS_MOVE = YES;
				CLANG_WARN_UNGUARDED_AVAILABILITY = YES_AGGRESSIVE;
				CLANG_WARN_UNREACHABLE_CODE = YES;
				CLANG_WARN__DUPLICATE_METHOD_MATCH = YES;
				COPY_PHASE_STRIP = NO;
				DEBUG_INFORMATION_FORMAT = "dwarf-with-dsym";
				ENABLE_NS_ASSERTIONS = NO;
				ENABLE_STRICT_OBJC_MSGSEND = YES;
				ENABLE_USER_SCRIPT_SANDBOXING = YES;
				GCC_C_LANGUAGE_STANDARD = gnu17;
				GCC_NO_COMMON_BLOCKS = YES;
				GCC_WARN_64_TO_32_BIT_CONVERSION = YES;
				GCC_WARN_ABOUT_RETURN_TYPE = YES_ERROR;
				GCC_WARN_UNDECLARED_SELECTOR = YES;
				GCC_WARN_UNINITIALIZED_AUTOS = YES_AGGRESSIVE;
				GCC_WARN_UNUSED_FUNCTION = YES;
				GCC_WARN_UNUSED_VARIABLE = YES;
				IPHONEOS_DEPLOYMENT_TARGET = 17.2;
				LOCALIZATION_PREFERS_STRING_CATALOGS = YES;
				MTL_ENABLE_DEBUG_INFO = NO;
				MTL_FAST_MATH = YES;
				SDKROOT = iphoneos;
				SWIFT_COMPILATION_MODE = wholemodule;
				VALIDATE_PRODUCT = YES;
			};
			name = Release;
		};
		03CF26112C883A3F0012CD8A /* Debug */ = {
			isa = XCBuildConfiguration;
			buildSettings = {
				ASSETCATALOG_COMPILER_APPICON_NAME = AppIcon;
				ASSETCATALOG_COMPILER_GLOBAL_ACCENT_COLOR_NAME = AccentColor;
				CODE_SIGN_STYLE = Automatic;
				CURRENT_PROJECT_VERSION = 1;
				DEVELOPMENT_TEAM = 7FT672456U;
				GENERATE_INFOPLIST_FILE = YES;
				INFOPLIST_FILE = Bankey/Info.plist;
				INFOPLIST_KEY_UIApplicationSupportsIndirectInputEvents = YES;
				INFOPLIST_KEY_UILaunchStoryboardName = LaunchScreen;
				INFOPLIST_KEY_UISupportedInterfaceOrientations_iPad = "UIInterfaceOrientationPortrait UIInterfaceOrientationPortraitUpsideDown UIInterfaceOrientationLandscapeLeft UIInterfaceOrientationLandscapeRight";
				INFOPLIST_KEY_UISupportedInterfaceOrientations_iPhone = "UIInterfaceOrientationPortrait UIInterfaceOrientationLandscapeLeft UIInterfaceOrientationLandscapeRight";
				LD_RUNPATH_SEARCH_PATHS = (
					"$(inherited)",
					"@executable_path/Frameworks",
				);
				MARKETING_VERSION = 1.0;
				PRODUCT_BUNDLE_IDENTIFIER = me.venn.Bankey;
				PRODUCT_NAME = "$(TARGET_NAME)";
				SWIFT_EMIT_LOC_STRINGS = YES;
				SWIFT_VERSION = 5.0;
				TARGETED_DEVICE_FAMILY = "1,2";
			};
			name = Debug;
		};
		03CF26122C883A3F0012CD8A /* Release */ = {
			isa = XCBuildConfiguration;
			buildSettings = {
				ASSETCATALOG_COMPILER_APPICON_NAME = AppIcon;
				ASSETCATALOG_COMPILER_GLOBAL_ACCENT_COLOR_NAME = AccentColor;
				CODE_SIGN_STYLE = Automatic;
				CURRENT_PROJECT_VERSION = 1;
				DEVELOPMENT_TEAM = 7FT672456U;
				GENERATE_INFOPLIST_FILE = YES;
				INFOPLIST_FILE = Bankey/Info.plist;
				INFOPLIST_KEY_UIApplicationSupportsIndirectInputEvents = YES;
				INFOPLIST_KEY_UILaunchStoryboardName = LaunchScreen;
				INFOPLIST_KEY_UISupportedInterfaceOrientations_iPad = "UIInterfaceOrientationPortrait UIInterfaceOrientationPortraitUpsideDown UIInterfaceOrientationLandscapeLeft UIInterfaceOrientationLandscapeRight";
				INFOPLIST_KEY_UISupportedInterfaceOrientations_iPhone = "UIInterfaceOrientationPortrait UIInterfaceOrientationLandscapeLeft UIInterfaceOrientationLandscapeRight";
				LD_RUNPATH_SEARCH_PATHS = (
					"$(inherited)",
					"@executable_path/Frameworks",
				);
				MARKETING_VERSION = 1.0;
				PRODUCT_BUNDLE_IDENTIFIER = me.venn.Bankey;
				PRODUCT_NAME = "$(TARGET_NAME)";
				SWIFT_EMIT_LOC_STRINGS = YES;
				SWIFT_VERSION = 5.0;
				TARGETED_DEVICE_FAMILY = "1,2";
			};
			name = Release;
		};
/* End XCBuildConfiguration section */

/* Begin XCConfigurationList section */
		03CF25F72C883A3D0012CD8A /* Build configuration list for PBXProject "Bankey" */ = {
			isa = XCConfigurationList;
			buildConfigurations = (
				03CF260E2C883A3F0012CD8A /* Debug */,
				03CF260F2C883A3F0012CD8A /* Release */,
			);
			defaultConfigurationIsVisible = 0;
			defaultConfigurationName = Release;
		};
		03CF26102C883A3F0012CD8A /* Build configuration list for PBXNativeTarget "Bankey" */ = {
			isa = XCConfigurationList;
			buildConfigurations = (
				03CF26112C883A3F0012CD8A /* Debug */,
				03CF26122C883A3F0012CD8A /* Release */,
			);
			defaultConfigurationIsVisible = 0;
			defaultConfigurationName = Release;
		};
/* End XCConfigurationList section */
	};
	rootObject = 03CF25F42C883A3D0012CD8A /* Project object */;
}
